
Microsoft Visual Studio Solution File, Format Version 12.00
# Visual Studio Version 16
VisualStudioVersion = 16.0.34931.43
MinimumVisualStudioVersion = 10.0.40219.1
Project("{FAE04EC0-301F-11D3-BF4B-00C04F79EFBC}") = "ApiTestePostman", "ApiTestePostman\ApiTestePostman.csproj", "{4EECF2B6-18D4-44C2-BD0E-543C49433C34}"
EndProject
Global
	GlobalSection(SolutionConfigurationPlatforms) = preSolution
		Debug|Any CPU = Debug|Any CPU
		Release|Any CPU = Release|Any CPU
	EndGlobalSection
	GlobalSection(ProjectConfigurationPlatforms) = postSolution
		{4EECF2B6-18D4-44C2-BD0E-543C49433C34}.Debug|Any CPU.ActiveCfg = Debug|Any CPU
		{4EECF2B6-18D4-44C2-BD0E-543C49433C34}.Debug|Any CPU.Build.0 = Debug|Any CPU
		{4EECF2B6-18D4-44C2-BD0E-543C49433C34}.Release|Any CPU.ActiveCfg = Release|Any CPU
		{4EECF2B6-18D4-44C2-BD0E-543C49433C34}.Release|Any CPU.Build.0 = Release|Any CPU
	EndGlobalSection
	GlobalSection(SolutionProperties) = preSolution
		HideSolutionNode = FALSE
	EndGlobalSection
	GlobalSection(ExtensibilityGlobals) = postSolution
		SolutionGuid = {A593B580-22EA-46BD-9E62-186E5D433D34}
	EndGlobalSection
EndGlobal
